// !$*UTF8*$!
{
	archiveVersion = 1;
	classes = {
	};
	objectVersion = 56;
	objects = {

/* Begin PBXBuildFile section */
		8A0F505B2A1DF0480000723E /* AssistantApp.swift in Sources */ = {isa = PBXBuildFile; fileRef = 8A0F505A2A1DF0480000723E /* AssistantApp.swift */; };
		8A0F505D2A1DF0480000723E /* BaseView.swift in Sources */ = {isa = PBXBuildFile; fileRef = 8A0F505C2A1DF0480000723E /* BaseView.swift */; };
		8A0F505F2A1DF0490000723E /* Assets.xcassets in Resources */ = {isa = PBXBuildFile; fileRef = 8A0F505E2A1DF0490000723E /* Assets.xcassets */; };
		8A0F50752A1DF27B0000723E /* BaseViewModel.swift in Sources */ = {isa = PBXBuildFile; fileRef = 8A0F50742A1DF27B0000723E /* BaseViewModel.swift */; };
		8A0F50792A1DF3C00000723E /* OnboardingView.swift in Sources */ = {isa = PBXBuildFile; fileRef = 8A0F50782A1DF3C00000723E /* OnboardingView.swift */; };
		8A0F507D2A1DF3D10000723E /* HomeView.swift in Sources */ = {isa = PBXBuildFile; fileRef = 8A0F507C2A1DF3D10000723E /* HomeView.swift */; };
		8A0F50812A1DFCFE0000723E /* OnboardingViewModel.swift in Sources */ = {isa = PBXBuildFile; fileRef = 8A0F50802A1DFCFE0000723E /* OnboardingViewModel.swift */; };
		8A0F50832A1E03E60000723E /* CircleGroupView.swift in Sources */ = {isa = PBXBuildFile; fileRef = 8A0F50822A1E03E60000723E /* CircleGroupView.swift */; };
		8A0F50852A1E0FDD0000723E /* SwipeButtonView.swift in Sources */ = {isa = PBXBuildFile; fileRef = 8A0F50842A1E0FDD0000723E /* SwipeButtonView.swift */; };
		8A5EF68F2ABB340900C868D5 /* NoteWriterView.swift in Sources */ = {isa = PBXBuildFile; fileRef = 8A5EF68E2ABB340900C868D5 /* NoteWriterView.swift */; };
		8A5EF6922ABB371B00C868D5 /* NoteWriterViewModel.swift in Sources */ = {isa = PBXBuildFile; fileRef = 8A5EF6912ABB371B00C868D5 /* NoteWriterViewModel.swift */; };
		8A6CF2462A974D4C008C9EA7 /* MemoryModel.xcdatamodeld in Sources */ = {isa = PBXBuildFile; fileRef = 8A6CF2442A974D4C008C9EA7 /* MemoryModel.xcdatamodeld */; };
		8A6CF2492A974E5F008C9EA7 /* MemoryStorage.swift in Sources */ = {isa = PBXBuildFile; fileRef = 8A6CF2482A974E5F008C9EA7 /* MemoryStorage.swift */; };
		8A7FFBB12A2E1A7C00CE7A43 /* AudioRecorderService.swift in Sources */ = {isa = PBXBuildFile; fileRef = 8A7FFBB02A2E1A7C00CE7A43 /* AudioRecorderService.swift */; };
		8A7FFBB52A2E1F6700CE7A43 /* AudioRecorderView.swift in Sources */ = {isa = PBXBuildFile; fileRef = 8A7FFBB42A2E1F6700CE7A43 /* AudioRecorderView.swift */; };
		8A7FFBB82A2E1F9A00CE7A43 /* AudioRecorderViewModel.swift in Sources */ = {isa = PBXBuildFile; fileRef = 8A7FFBB72A2E1F9A00CE7A43 /* AudioRecorderViewModel.swift */; };
		8A7FFBBA2A2E2E9200CE7A43 /* WaveView.swift in Sources */ = {isa = PBXBuildFile; fileRef = 8A7FFBB92A2E2E9200CE7A43 /* WaveView.swift */; };
		8AFA2A832A24CE140031CFAB /* HomeViewModel.swift in Sources */ = {isa = PBXBuildFile; fileRef = 8AFA2A822A24CE140031CFAB /* HomeViewModel.swift */; };
		8AFA2A882A24D7D00031CFAB /* LevitateViewModifier.swift in Sources */ = {isa = PBXBuildFile; fileRef = 8AFA2A872A24D7D00031CFAB /* LevitateViewModifier.swift */; };
/* End PBXBuildFile section */

/* Begin PBXFileReference section */
		8A0F50572A1DF0480000723E /* MyMemo.app */ = {isa = PBXFileReference; explicitFileType = wrapper.application; includeInIndex = 0; path = MyMemo.app; sourceTree = BUILT_PRODUCTS_DIR; };
		8A0F505A2A1DF0480000723E /* AssistantApp.swift */ = {isa = PBXFileReference; lastKnownFileType = sourcecode.swift; path = AssistantApp.swift; sourceTree = "<group>"; };
		8A0F505C2A1DF0480000723E /* BaseView.swift */ = {isa = PBXFileReference; lastKnownFileType = sourcecode.swift; path = BaseView.swift; sourceTree = "<group>"; };
		8A0F505E2A1DF0490000723E /* Assets.xcassets */ = {isa = PBXFileReference; lastKnownFileType = folder.assetcatalog; path = Assets.xcassets; sourceTree = "<group>"; };
		8A0F50742A1DF27B0000723E /* BaseViewModel.swift */ = {isa = PBXFileReference; lastKnownFileType = sourcecode.swift; path = BaseViewModel.swift; sourceTree = "<group>"; };
		8A0F50782A1DF3C00000723E /* OnboardingView.swift */ = {isa = PBXFileReference; lastKnownFileType = sourcecode.swift; path = OnboardingView.swift; sourceTree = "<group>"; };
		8A0F507C2A1DF3D10000723E /* HomeView.swift */ = {isa = PBXFileReference; lastKnownFileType = sourcecode.swift; path = HomeView.swift; sourceTree = "<group>"; };
		8A0F507E2A1DFB670000723E /* Info.plist */ = {isa = PBXFileReference; lastKnownFileType = text.plist; path = Info.plist; sourceTree = "<group>"; };
		8A0F50802A1DFCFE0000723E /* OnboardingViewModel.swift */ = {isa = PBXFileReference; lastKnownFileType = sourcecode.swift; path = OnboardingViewModel.swift; sourceTree = "<group>"; };
		8A0F50822A1E03E60000723E /* CircleGroupView.swift */ = {isa = PBXFileReference; lastKnownFileType = sourcecode.swift; path = CircleGroupView.swift; sourceTree = "<group>"; };
		8A0F50842A1E0FDD0000723E /* SwipeButtonView.swift */ = {isa = PBXFileReference; lastKnownFileType = sourcecode.swift; path = SwipeButtonView.swift; sourceTree = "<group>"; };
		8A5EF68E2ABB340900C868D5 /* NoteWriterView.swift */ = {isa = PBXFileReference; lastKnownFileType = sourcecode.swift; path = NoteWriterView.swift; sourceTree = "<group>"; };
		8A5EF6912ABB371B00C868D5 /* NoteWriterViewModel.swift */ = {isa = PBXFileReference; lastKnownFileType = sourcecode.swift; path = NoteWriterViewModel.swift; sourceTree = "<group>"; };
		8A6CF2452A974D4C008C9EA7 /* MemoryModel.xcdatamodel */ = {isa = PBXFileReference; lastKnownFileType = wrapper.xcdatamodel; path = MemoryModel.xcdatamodel; sourceTree = "<group>"; };
		8A6CF2482A974E5F008C9EA7 /* MemoryStorage.swift */ = {isa = PBXFileReference; lastKnownFileType = sourcecode.swift; path = MemoryStorage.swift; sourceTree = "<group>"; };
		8A7FFBB02A2E1A7C00CE7A43 /* AudioRecorderService.swift */ = {isa = PBXFileReference; lastKnownFileType = sourcecode.swift; path = AudioRecorderService.swift; sourceTree = "<group>"; };
		8A7FFBB42A2E1F6700CE7A43 /* AudioRecorderView.swift */ = {isa = PBXFileReference; lastKnownFileType = sourcecode.swift; path = AudioRecorderView.swift; sourceTree = "<group>"; };
		8A7FFBB72A2E1F9A00CE7A43 /* AudioRecorderViewModel.swift */ = {isa = PBXFileReference; lastKnownFileType = sourcecode.swift; path = AudioRecorderViewModel.swift; sourceTree = "<group>"; };
		8A7FFBB92A2E2E9200CE7A43 /* WaveView.swift */ = {isa = PBXFileReference; lastKnownFileType = sourcecode.swift; path = WaveView.swift; sourceTree = "<group>"; };
		8AFA2A822A24CE140031CFAB /* HomeViewModel.swift */ = {isa = PBXFileReference; lastKnownFileType = sourcecode.swift; path = HomeViewModel.swift; sourceTree = "<group>"; };
		8AFA2A872A24D7D00031CFAB /* LevitateViewModifier.swift */ = {isa = PBXFileReference; fileEncoding = 4; lastKnownFileType = sourcecode.swift; path = LevitateViewModifier.swift; sourceTree = "<group>"; };
/* End PBXFileReference section */

/* Begin PBXFrameworksBuildPhase section */
		8A0F50542A1DF0480000723E /* Frameworks */ = {
			isa = PBXFrameworksBuildPhase;
			buildActionMask = 2147483647;
			files = (
			);
			runOnlyForDeploymentPostprocessing = 0;
		};
/* End PBXFrameworksBuildPhase section */

/* Begin PBXGroup section */
		8A0F504E2A1DF0480000723E = {
			isa = PBXGroup;
			children = (
				8A0F50592A1DF0480000723E /* MyMemo */,
				8A0F50582A1DF0480000723E /* Products */,
			);
			sourceTree = "<group>";
		};
		8A0F50582A1DF0480000723E /* Products */ = {
			isa = PBXGroup;
			children = (
				8A0F50572A1DF0480000723E /* MyMemo.app */,
			);
			name = Products;
			sourceTree = "<group>";
		};
		8A0F50592A1DF0480000723E /* MyMemo */ = {
			isa = PBXGroup;
			children = (
				8A0F507E2A1DFB670000723E /* Info.plist */,
				8A7FFBAF2A2E19A000CE7A43 /* Services */,
				8A0F50702A1DF1EB0000723E /* Components */,
				8A0F50692A1DF0610000723E /* Screens */,
				8A0F50682A1DF0590000723E /* Common */,
				8A0F506A2A1DF06C0000723E /* Resources */,
			);
			path = MyMemo;
			sourceTree = "<group>";
		};
		8A0F50682A1DF0590000723E /* Common */ = {
			isa = PBXGroup;
			children = (
				8A6CF2432A974D1B008C9EA7 /* CoreData */,
				8A0F505A2A1DF0480000723E /* AssistantApp.swift */,
			);
			path = Common;
			sourceTree = "<group>";
		};
		8A0F50692A1DF0610000723E /* Screens */ = {
			isa = PBXGroup;
			children = (
				8A5EF68C2ABB33DF00C868D5 /* NoteWriter */,
				8A0F50712A1DF2310000723E /* Base */,
				8A7FFBB22A2E1F5400CE7A43 /* AudioRecorder */,
				8A0F507A2A1DF3C50000723E /* Home */,
				8A0F50762A1DF3B00000723E /* Onboarding */,
			);
			path = Screens;
			sourceTree = "<group>";
		};
		8A0F506A2A1DF06C0000723E /* Resources */ = {
			isa = PBXGroup;
			children = (
				8A0F505E2A1DF0490000723E /* Assets.xcassets */,
			);
			path = Resources;
			sourceTree = "<group>";
		};
		8A0F50702A1DF1EB0000723E /* Components */ = {
			isa = PBXGroup;
			children = (
				8AFA2A862A24D7BC0031CFAB /* ViewModifiers */,
				8AFA2A852A24D7B30031CFAB /* Views */,
			);
			path = Components;
			sourceTree = "<group>";
		};
		8A0F50712A1DF2310000723E /* Base */ = {
			isa = PBXGroup;
			children = (
				8A0F50732A1DF26D0000723E /* ViewModel */,
				8A0F50722A1DF2480000723E /* View */,
			);
			path = Base;
			sourceTree = "<group>";
		};
		8A0F50722A1DF2480000723E /* View */ = {
			isa = PBXGroup;
			children = (
				8A0F505C2A1DF0480000723E /* BaseView.swift */,
			);
			path = View;
			sourceTree = "<group>";
		};
		8A0F50732A1DF26D0000723E /* ViewModel */ = {
			isa = PBXGroup;
			children = (
				8A0F50742A1DF27B0000723E /* BaseViewModel.swift */,
			);
			path = ViewModel;
			sourceTree = "<group>";
		};
		8A0F50762A1DF3B00000723E /* Onboarding */ = {
			isa = PBXGroup;
			children = (
				8A0F507F2A1DFCF20000723E /* ViewModel */,
				8A0F50772A1DF3B60000723E /* View */,
			);
			path = Onboarding;
			sourceTree = "<group>";
		};
		8A0F50772A1DF3B60000723E /* View */ = {
			isa = PBXGroup;
			children = (
				8A0F50782A1DF3C00000723E /* OnboardingView.swift */,
			);
			path = View;
			sourceTree = "<group>";
		};
		8A0F507A2A1DF3C50000723E /* Home */ = {
			isa = PBXGroup;
			children = (
				8AFA2A812A24CE0B0031CFAB /* ViewModel */,
				8A0F507B2A1DF3CA0000723E /* View */,
			);
			path = Home;
			sourceTree = "<group>";
		};
		8A0F507B2A1DF3CA0000723E /* View */ = {
			isa = PBXGroup;
			children = (
				8A0F507C2A1DF3D10000723E /* HomeView.swift */,
			);
			path = View;
			sourceTree = "<group>";
		};
		8A0F507F2A1DFCF20000723E /* ViewModel */ = {
			isa = PBXGroup;
			children = (
				8A0F50802A1DFCFE0000723E /* OnboardingViewModel.swift */,
			);
			path = ViewModel;
			sourceTree = "<group>";
		};
		8A5EF68C2ABB33DF00C868D5 /* NoteWriter */ = {
			isa = PBXGroup;
			children = (
				8A5EF6902ABB370F00C868D5 /* ViewModel */,
				8A5EF68D2ABB33FF00C868D5 /* View */,
			);
			path = NoteWriter;
			sourceTree = "<group>";
		};
		8A5EF68D2ABB33FF00C868D5 /* View */ = {
			isa = PBXGroup;
			children = (
				8A5EF68E2ABB340900C868D5 /* NoteWriterView.swift */,
			);
			path = View;
			sourceTree = "<group>";
		};
		8A5EF6902ABB370F00C868D5 /* ViewModel */ = {
			isa = PBXGroup;
			children = (
				8A5EF6912ABB371B00C868D5 /* NoteWriterViewModel.swift */,
			);
			path = ViewModel;
			sourceTree = "<group>";
		};
		8A6CF2432A974D1B008C9EA7 /* CoreData */ = {
			isa = PBXGroup;
			children = (
				8A6CF24A2A974EF7008C9EA7 /* Memory */,
			);
			path = CoreData;
			sourceTree = "<group>";
		};
		8A6CF24A2A974EF7008C9EA7 /* Memory */ = {
			isa = PBXGroup;
			children = (
				8A6CF2482A974E5F008C9EA7 /* MemoryStorage.swift */,
				8A6CF2442A974D4C008C9EA7 /* MemoryModel.xcdatamodeld */,
			);
			path = Memory;
			sourceTree = "<group>";
		};
		8A7FFBAF2A2E19A000CE7A43 /* Services */ = {
			isa = PBXGroup;
			children = (
				8A7FFBB02A2E1A7C00CE7A43 /* AudioRecorderService.swift */,
			);
			path = Services;
			sourceTree = "<group>";
		};
		8A7FFBB22A2E1F5400CE7A43 /* AudioRecorder */ = {
			isa = PBXGroup;
			children = (
				8A7FFBB62A2E1F8F00CE7A43 /* ViewModel */,
				8A7FFBB32A2E1F5D00CE7A43 /* View */,
			);
			path = AudioRecorder;
			sourceTree = "<group>";
		};
		8A7FFBB32A2E1F5D00CE7A43 /* View */ = {
			isa = PBXGroup;
			children = (
				8A7FFBB42A2E1F6700CE7A43 /* AudioRecorderView.swift */,
			);
			path = View;
			sourceTree = "<group>";
		};
		8A7FFBB62A2E1F8F00CE7A43 /* ViewModel */ = {
			isa = PBXGroup;
			children = (
				8A7FFBB72A2E1F9A00CE7A43 /* AudioRecorderViewModel.swift */,
			);
			path = ViewModel;
			sourceTree = "<group>";
		};
		8AFA2A812A24CE0B0031CFAB /* ViewModel */ = {
			isa = PBXGroup;
			children = (
				8AFA2A822A24CE140031CFAB /* HomeViewModel.swift */,
			);
			path = ViewModel;
			sourceTree = "<group>";
		};
		8AFA2A852A24D7B30031CFAB /* Views */ = {
			isa = PBXGroup;
			children = (
				8A0F50822A1E03E60000723E /* CircleGroupView.swift */,
				8A0F50842A1E0FDD0000723E /* SwipeButtonView.swift */,
				8A7FFBB92A2E2E9200CE7A43 /* WaveView.swift */,
			);
			path = Views;
			sourceTree = "<group>";
		};
		8AFA2A862A24D7BC0031CFAB /* ViewModifiers */ = {
			isa = PBXGroup;
			children = (
				8AFA2A872A24D7D00031CFAB /* LevitateViewModifier.swift */,
			);
			path = ViewModifiers;
			sourceTree = "<group>";
		};
/* End PBXGroup section */

/* Begin PBXNativeTarget section */
		8A0F50562A1DF0480000723E /* MyMemo */ = {
			isa = PBXNativeTarget;
			buildConfigurationList = 8A0F50652A1DF0490000723E /* Build configuration list for PBXNativeTarget "MyMemo" */;
			buildPhases = (
				8A0F50532A1DF0480000723E /* Sources */,
				8A0F50542A1DF0480000723E /* Frameworks */,
				8A0F50552A1DF0480000723E /* Resources */,
			);
			buildRules = (
			);
			dependencies = (
			);
			name = MyMemo;
			productName = Assistant;
			productReference = 8A0F50572A1DF0480000723E /* MyMemo.app */;
			productType = "com.apple.product-type.application";
		};
/* End PBXNativeTarget section */

/* Begin PBXProject section */
		8A0F504F2A1DF0480000723E /* Project object */ = {
			isa = PBXProject;
			attributes = {
				BuildIndependentTargetsInParallel = 1;
				LastSwiftUpdateCheck = 1430;
				LastUpgradeCheck = 1430;
				TargetAttributes = {
					8A0F50562A1DF0480000723E = {
						CreatedOnToolsVersion = 14.3;
					};
				};
			};
			buildConfigurationList = 8A0F50522A1DF0480000723E /* Build configuration list for PBXProject "MyMemo" */;
			compatibilityVersion = "Xcode 14.0";
			developmentRegion = en;
			hasScannedForEncodings = 0;
			knownRegions = (
				en,
				Base,
			);
			mainGroup = 8A0F504E2A1DF0480000723E;
			productRefGroup = 8A0F50582A1DF0480000723E /* Products */;
			projectDirPath = "";
			projectRoot = "";
			targets = (
				8A0F50562A1DF0480000723E /* MyMemo */,
			);
		};
/* End PBXProject section */

/* Begin PBXResourcesBuildPhase section */
		8A0F50552A1DF0480000723E /* Resources */ = {
			isa = PBXResourcesBuildPhase;
			buildActionMask = 2147483647;
			files = (
				8A0F505F2A1DF0490000723E /* Assets.xcassets in Resources */,
			);
			runOnlyForDeploymentPostprocessing = 0;
		};
/* End PBXResourcesBuildPhase section */

/* Begin PBXSourcesBuildPhase section */
		8A0F50532A1DF0480000723E /* Sources */ = {
			isa = PBXSourcesBuildPhase;
			buildActionMask = 2147483647;
			files = (
				8A5EF68F2ABB340900C868D5 /* NoteWriterView.swift in Sources */,
				8A0F50832A1E03E60000723E /* CircleGroupView.swift in Sources */,
				8AFA2A832A24CE140031CFAB /* HomeViewModel.swift in Sources */,
				8A0F505D2A1DF0480000723E /* BaseView.swift in Sources */,
				8A7FFBB82A2E1F9A00CE7A43 /* AudioRecorderViewModel.swift in Sources */,
				8AFA2A882A24D7D00031CFAB /* LevitateViewModifier.swift in Sources */,
				8A0F50812A1DFCFE0000723E /* OnboardingViewModel.swift in Sources */,
				8A5EF6922ABB371B00C868D5 /* NoteWriterViewModel.swift in Sources */,
				8A6CF2462A974D4C008C9EA7 /* MemoryModel.xcdatamodeld in Sources */,
				8A7FFBB52A2E1F6700CE7A43 /* AudioRecorderView.swift in Sources */,
				8A0F50792A1DF3C00000723E /* OnboardingView.swift in Sources */,
				8A0F505B2A1DF0480000723E /* AssistantApp.swift in Sources */,
				8A7FFBBA2A2E2E9200CE7A43 /* WaveView.swift in Sources */,
				8A0F507D2A1DF3D10000723E /* HomeView.swift in Sources */,
				8A0F50752A1DF27B0000723E /* BaseViewModel.swift in Sources */,
				8A6CF2492A974E5F008C9EA7 /* MemoryStorage.swift in Sources */,
				8A7FFBB12A2E1A7C00CE7A43 /* AudioRecorderService.swift in Sources */,
				8A0F50852A1E0FDD0000723E /* SwipeButtonView.swift in Sources */,
			);
			runOnlyForDeploymentPostprocessing = 0;
		};
/* End PBXSourcesBuildPhase section */

/* Begin XCBuildConfiguration section */
		8A0F50632A1DF0490000723E /* Debug */ = {
			isa = XCBuildConfiguration;
			buildSettings = {
				ALWAYS_SEARCH_USER_PATHS = NO;
				CLANG_ANALYZER_NONNULL = YES;
				CLANG_ANALYZER_NUMBER_OBJECT_CONVERSION = YES_AGGRESSIVE;
				CLANG_CXX_LANGUAGE_STANDARD = "gnu++20";
				CLANG_ENABLE_MODULES = YES;
				CLANG_ENABLE_OBJC_ARC = YES;
				CLANG_ENABLE_OBJC_WEAK = YES;
				CLANG_WARN_BLOCK_CAPTURE_AUTORELEASING = YES;
				CLANG_WARN_BOOL_CONVERSION = YES;
				CLANG_WARN_COMMA = YES;
				CLANG_WARN_CONSTANT_CONVERSION = YES;
				CLANG_WARN_DEPRECATED_OBJC_IMPLEMENTATIONS = YES;
				CLANG_WARN_DIRECT_OBJC_ISA_USAGE = YES_ERROR;
				CLANG_WARN_DOCUMENTATION_COMMENTS = YES;
				CLANG_WARN_EMPTY_BODY = YES;
				CLANG_WARN_ENUM_CONVERSION = YES;
				CLANG_WARN_INFINITE_RECURSION = YES;
				CLANG_WARN_INT_CONVERSION = YES;
				CLANG_WARN_NON_LITERAL_NULL_CONVERSION = YES;
				CLANG_WARN_OBJC_IMPLICIT_RETAIN_SELF = YES;
				CLANG_WARN_OBJC_LITERAL_CONVERSION = YES;
				CLANG_WARN_OBJC_ROOT_CLASS = YES_ERROR;
				CLANG_WARN_QUOTED_INCLUDE_IN_FRAMEWORK_HEADER = YES;
				CLANG_WARN_RANGE_LOOP_ANALYSIS = YES;
				CLANG_WARN_STRICT_PROTOTYPES = YES;
				CLANG_WARN_SUSPICIOUS_MOVE = YES;
				CLANG_WARN_UNGUARDED_AVAILABILITY = YES_AGGRESSIVE;
				CLANG_WARN_UNREACHABLE_CODE = YES;
				CLANG_WARN__DUPLICATE_METHOD_MATCH = YES;
				COPY_PHASE_STRIP = NO;
				DEBUG_INFORMATION_FORMAT = dwarf;
				ENABLE_STRICT_OBJC_MSGSEND = YES;
				ENABLE_TESTABILITY = YES;
				GCC_C_LANGUAGE_STANDARD = gnu11;
				GCC_DYNAMIC_NO_PIC = NO;
				GCC_NO_COMMON_BLOCKS = YES;
				GCC_OPTIMIZATION_LEVEL = 0;
				GCC_PREPROCESSOR_DEFINITIONS = (
					"DEBUG=1",
					"$(inherited)",
				);
				GCC_WARN_64_TO_32_BIT_CONVERSION = YES;
				GCC_WARN_ABOUT_RETURN_TYPE = YES_ERROR;
				GCC_WARN_UNDECLARED_SELECTOR = YES;
				GCC_WARN_UNINITIALIZED_AUTOS = YES_AGGRESSIVE;
				GCC_WARN_UNUSED_FUNCTION = YES;
				GCC_WARN_UNUSED_VARIABLE = YES;
				IPHONEOS_DEPLOYMENT_TARGET = 16.0;
				MTL_ENABLE_DEBUG_INFO = INCLUDE_SOURCE;
				MTL_FAST_MATH = YES;
				ONLY_ACTIVE_ARCH = YES;
				SDKROOT = iphoneos;
				SWIFT_ACTIVE_COMPILATION_CONDITIONS = DEBUG;
				SWIFT_OPTIMIZATION_LEVEL = "-Onone";
			};
			name = Debug;
		};
		8A0F50642A1DF0490000723E /* Release */ = {
			isa = XCBuildConfiguration;
			buildSettings = {
				ALWAYS_SEARCH_USER_PATHS = NO;
				CLANG_ANALYZER_NONNULL = YES;
				CLANG_ANALYZER_NUMBER_OBJECT_CONVERSION = YES_AGGRESSIVE;
				CLANG_CXX_LANGUAGE_STANDARD = "gnu++20";
				CLANG_ENABLE_MODULES = YES;
				CLANG_ENABLE_OBJC_ARC = YES;
				CLANG_ENABLE_OBJC_WEAK = YES;
				CLANG_WARN_BLOCK_CAPTURE_AUTORELEASING = YES;
				CLANG_WARN_BOOL_CONVERSION = YES;
				CLANG_WARN_COMMA = YES;
				CLANG_WARN_CONSTANT_CONVERSION = YES;
				CLANG_WARN_DEPRECATED_OBJC_IMPLEMENTATIONS = YES;
				CLANG_WARN_DIRECT_OBJC_ISA_USAGE = YES_ERROR;
				CLANG_WARN_DOCUMENTATION_COMMENTS = YES;
				CLANG_WARN_EMPTY_BODY = YES;
				CLANG_WARN_ENUM_CONVERSION = YES;
				CLANG_WARN_INFINITE_RECURSION = YES;
				CLANG_WARN_INT_CONVERSION = YES;
				CLANG_WARN_NON_LITERAL_NULL_CONVERSION = YES;
				CLANG_WARN_OBJC_IMPLICIT_RETAIN_SELF = YES;
				CLANG_WARN_OBJC_LITERAL_CONVERSION = YES;
				CLANG_WARN_OBJC_ROOT_CLASS = YES_ERROR;
				CLANG_WARN_QUOTED_INCLUDE_IN_FRAMEWORK_HEADER = YES;
				CLANG_WARN_RANGE_LOOP_ANALYSIS = YES;
				CLANG_WARN_STRICT_PROTOTYPES = YES;
				CLANG_WARN_SUSPICIOUS_MOVE = YES;
				CLANG_WARN_UNGUARDED_AVAILABILITY = YES_AGGRESSIVE;
				CLANG_WARN_UNREACHABLE_CODE = YES;
				CLANG_WARN__DUPLICATE_METHOD_MATCH = YES;
				COPY_PHASE_STRIP = NO;
				DEBUG_INFORMATION_FORMAT = "dwarf-with-dsym";
				ENABLE_NS_ASSERTIONS = NO;
				ENABLE_STRICT_OBJC_MSGSEND = YES;
				GCC_C_LANGUAGE_STANDARD = gnu11;
				GCC_NO_COMMON_BLOCKS = YES;
				GCC_WARN_64_TO_32_BIT_CONVERSION = YES;
				GCC_WARN_ABOUT_RETURN_TYPE = YES_ERROR;
				GCC_WARN_UNDECLARED_SELECTOR = YES;
				GCC_WARN_UNINITIALIZED_AUTOS = YES_AGGRESSIVE;
				GCC_WARN_UNUSED_FUNCTION = YES;
				GCC_WARN_UNUSED_VARIABLE = YES;
				IPHONEOS_DEPLOYMENT_TARGET = 16.0;
				MTL_ENABLE_DEBUG_INFO = NO;
				MTL_FAST_MATH = YES;
				SDKROOT = iphoneos;
				SWIFT_COMPILATION_MODE = wholemodule;
				SWIFT_OPTIMIZATION_LEVEL = "-O";
				VALIDATE_PRODUCT = YES;
			};
			name = Release;
		};
		8A0F50662A1DF0490000723E /* Debug */ = {
			isa = XCBuildConfiguration;
			buildSettings = {
				ASSETCATALOG_COMPILER_APPICON_NAME = AppIcon;
				ASSETCATALOG_COMPILER_GLOBAL_ACCENT_COLOR_NAME = AccentColor;
				CODE_SIGN_STYLE = Automatic;
				CURRENT_PROJECT_VERSION = 1;
				DEVELOPMENT_TEAM = N5B9GF7SPN;
				ENABLE_PREVIEWS = YES;
				GENERATE_INFOPLIST_FILE = YES;
				INFOPLIST_FILE = MyMemo/Info.plist;
				INFOPLIST_KEY_CFBundleDisplayName = "My Memo";
				INFOPLIST_KEY_LSApplicationCategoryType = "public.app-category.productivity";
				INFOPLIST_KEY_NSMicrophoneUsageDescription = "Assistant would like to use the microphone to record audio memo";
				INFOPLIST_KEY_UIApplicationSceneManifest_Generation = YES;
				INFOPLIST_KEY_UIApplicationSupportsIndirectInputEvents = YES;
				INFOPLIST_KEY_UILaunchStoryboardName = B;
				INFOPLIST_KEY_UIRequiresFullScreen = YES;
				INFOPLIST_KEY_UISupportedInterfaceOrientations = UIInterfaceOrientationPortrait;
				IPHONEOS_DEPLOYMENT_TARGET = 16.0;
				LD_RUNPATH_SEARCH_PATHS = (
					"$(inherited)",
					"@executable_path/Frameworks",
				);
				MARKETING_VERSION = 1.0;
				PRODUCT_BUNDLE_IDENTIFIER = com.vncsnts.myMemo;
				PRODUCT_NAME = "$(TARGET_NAME)";
				SWIFT_EMIT_LOC_STRINGS = YES;
				SWIFT_VERSION = 5.0;
				TARGETED_DEVICE_FAMILY = "1,2";
			};
			name = Debug;
		};
		8A0F50672A1DF0490000723E /* Release */ = {
			isa = XCBuildConfiguration;
			buildSettings = {
				ASSETCATALOG_COMPILER_APPICON_NAME = AppIcon;
				ASSETCATALOG_COMPILER_GLOBAL_ACCENT_COLOR_NAME = AccentColor;
				CODE_SIGN_STYLE = Automatic;
				CURRENT_PROJECT_VERSION = 1;
				DEVELOPMENT_TEAM = N5B9GF7SPN;
				ENABLE_PREVIEWS = YES;
				GENERATE_INFOPLIST_FILE = YES;
				INFOPLIST_FILE = MyMemo/Info.plist;
				INFOPLIST_KEY_CFBundleDisplayName = "My Memo";
				INFOPLIST_KEY_LSApplicationCategoryType = "public.app-category.productivity";
				INFOPLIST_KEY_NSMicrophoneUsageDescription = "Assistant would like to use the microphone to record audio memo";
				INFOPLIST_KEY_UIApplicationSceneManifest_Generation = YES;
				INFOPLIST_KEY_UIApplicationSupportsIndirectInputEvents = YES;
				INFOPLIST_KEY_UILaunchStoryboardName = B;
				INFOPLIST_KEY_UIRequiresFullScreen = YES;
				INFOPLIST_KEY_UISupportedInterfaceOrientations = UIInterfaceOrientationPortrait;
				IPHONEOS_DEPLOYMENT_TARGET = 16.0;
				LD_RUNPATH_SEARCH_PATHS = (
					"$(inherited)",
					"@executable_path/Frameworks",
				);
				MARKETING_VERSION = 1.0;
				PRODUCT_BUNDLE_IDENTIFIER = com.vncsnts.myMemo;
				PRODUCT_NAME = "$(TARGET_NAME)";
				SWIFT_EMIT_LOC_STRINGS = YES;
				SWIFT_VERSION = 5.0;
				TARGETED_DEVICE_FAMILY = "1,2";
			};
			name = Release;
		};
/* End XCBuildConfiguration section */

/* Begin XCConfigurationList section */
		8A0F50522A1DF0480000723E /* Build configuration list for PBXProject "MyMemo" */ = {
			isa = XCConfigurationList;
			buildConfigurations = (
				8A0F50632A1DF0490000723E /* Debug */,
				8A0F50642A1DF0490000723E /* Release */,
			);
			defaultConfigurationIsVisible = 0;
			defaultConfigurationName = Release;
		};
		8A0F50652A1DF0490000723E /* Build configuration list for PBXNativeTarget "MyMemo" */ = {
			isa = XCConfigurationList;
			buildConfigurations = (
				8A0F50662A1DF0490000723E /* Debug */,
				8A0F50672A1DF0490000723E /* Release */,
			);
			defaultConfigurationIsVisible = 0;
			defaultConfigurationName = Release;
		};
/* End XCConfigurationList section */

/* Begin XCVersionGroup section */
		8A6CF2442A974D4C008C9EA7 /* MemoryModel.xcdatamodeld */ = {
			isa = XCVersionGroup;
			children = (
				8A6CF2452A974D4C008C9EA7 /* MemoryModel.xcdatamodel */,
			);
			currentVersion = 8A6CF2452A974D4C008C9EA7 /* MemoryModel.xcdatamodel */;
			path = MemoryModel.xcdatamodeld;
			sourceTree = "<group>";
			versionGroupType = wrapper.xcdatamodel;
		};
/* End XCVersionGroup section */
	};
	rootObject = 8A0F504F2A1DF0480000723E /* Project object */;
}
